<?xml version="1.0" encoding="utf-8"?>
<Project ToolsVersion="4.0" xmlns="http://schemas.microsoft.com/developer/msbuild/2003">
  <ItemGroup>
    <Filter Include="common">
      <UniqueIdentifier>{7e409db7-50b7-4b37-b916-5d720f817e57}</UniqueIdentifier>
    </Filter>
    <Filter Include="common\DistMath">
      <UniqueIdentifier>{ff7c5514-806a-495e-a1f2-8a5bbdf43783}</UniqueIdentifier>
    </Filter>
    <Filter Include="common\DistMath\include">
      <UniqueIdentifier>{dce7d88d-242f-4d0b-b8b7-2cdd6d5ce9b6}</UniqueIdentifier>
    </Filter>
    <Filter Include="common\DistMath\src">
      <UniqueIdentifier>{9d3ec848-f5c6-456d-a48b-c3edbd6cda03}</UniqueIdentifier>
    </Filter>
    <Filter Include="common\Core">
      <UniqueIdentifier>{3d87c785-92a0-4279-9759-e79a71792a98}</UniqueIdentifier>
    </Filter>
    <Filter Include="common\Core\include">
      <UniqueIdentifier>{6ca5979c-3c13-4adb-8f8f-ee3e3c0a4fb5}</UniqueIdentifier>
    </Filter>
    <Filter Include="common\Core\src">
      <UniqueIdentifier>{fd63a032-6ba2-4c40-ac1c-82f59f661ec9}</UniqueIdentifier>
    </Filter>
    <Filter Include="common\Render">
      <UniqueIdentifier>{f7c2e130-7b4e-4a01-a2c7-97d7f4d5c931}</UniqueIdentifier>
    </Filter>
    <Filter Include="common\Render\include">
      <UniqueIdentifier>{0df4230f-4df2-4234-8d5d-453f5eda8170}</UniqueIdentifier>
    </Filter>
    <Filter Include="common\Render\src">
      <UniqueIdentifier>{b728b590-19a0-457a-8e67-f62c4ae35331}</UniqueIdentifier>
    </Filter>
  </ItemGroup>
  <ItemGroup>
    <ClInclude Include="common\DistMath\include\DistMathPublic.h">
      <Filter>common\DistMath\include</Filter>
    </ClInclude>
    <ClInclude Include="common\Core\include\Assert.h">
      <Filter>common\Core\include</Filter>
    </ClInclude>
    <ClInclude Include="common\Core\include\PCH.h">
      <Filter>common\Core\include</Filter>
    </ClInclude>
    <ClInclude Include="common\Core\include\AppConfig.h">
      <Filter>common\Core\include</Filter>
    </ClInclude>
    <ClInclude Include="common\DistMath\include\Vector2.h">
      <Filter>common\DistMath\include</Filter>
    </ClInclude>
    <ClInclude Include="common\DistMath\include\Vector3.h">
      <Filter>common\DistMath\include</Filter>
    </ClInclude>
    <ClInclude Include="common\DistMath\include\Matrix.h">
      <Filter>common\DistMath\include</Filter>
    </ClInclude>
    <ClInclude Include="common\DistMath\include\Quaternion.h">
      <Filter>common\DistMath\include</Filter>
    </ClInclude>
    <ClInclude Include="common\DistMath\include\Vector4.h">
      <Filter>common\DistMath\include</Filter>
    </ClInclude>
    <ClInclude Include="common\DistMath\include\DistMath.h">
      <Filter>common\DistMath\include</Filter>
    </ClInclude>
    <ClInclude Include="common\DistMath\include\Uint.h">
      <Filter>common\DistMath\include</Filter>
    </ClInclude>
    <ClInclude Include="common\DistMath\include\Int.h">
      <Filter>common\DistMath\include</Filter>
    </ClInclude>
    <ClInclude Include="common\DistMath\include\Half.h">
      <Filter>common\DistMath\include</Filter>
    </ClInclude>
    <ClInclude Include="common\DistMath\include\UByte.h">
      <Filter>common\DistMath\include</Filter>
    </ClInclude>
    <ClInclude Include="common\DistMath\include\Random.h">
      <Filter>common\DistMath\include</Filter>
    </ClInclude>
    <ClInclude Include="common\Render\include\SkyBox.h">
      <Filter>common\Render\include</Filter>
    </ClInclude>
    <ClInclude Include="common\Core\include\InterfacePointers.h">
      <Filter>common\Core\include</Filter>
    </ClInclude>
    <ClInclude Include="common\Render\include\ShaderCompiler.h">
      <Filter>common\Render\include</Filter>
    </ClInclude>
    <ClInclude Include="common\Core\include\MurmurHash.h">
      <Filter>common\Core\include</Filter>
    </ClInclude>
    <ClInclude Include="common\Core\include\Containers.h">
      <Filter>common\Core\include</Filter>
    </ClInclude>
    <ClInclude Include="common\Render\include\D3D12.h">
      <Filter>common\Render\include</Filter>
    </ClInclude>
    <ClInclude Include="common\Render\include\BRDF.h">
      <Filter>common\Render\include</Filter>
    </ClInclude>
    <ClInclude Include="common\Render\include\Camera.h">
      <Filter>common\Render\include</Filter>
    </ClInclude>
    <ClInclude Include="common\Render\include\D3D12Helpers.h">
      <Filter>common\Render\include</Filter>
    </ClInclude>
    <ClInclude Include="common\Render\include\D3D12Upload.h">
      <Filter>common\Render\include</Filter>
    </ClInclude>
    <ClInclude Include="common\Render\include\D3D12Error.h">
      <Filter>common\Render\include</Filter>
    </ClInclude>
    <ClInclude Include="common\Render\include\DXRHelper.h">
      <Filter>common\Render\include</Filter>
    </ClInclude>
    <ClInclude Include="common\Render\include\Flitering.h">
      <Filter>common\Render\include</Filter>
    </ClInclude>
    <ClInclude Include="common\Render\include\GraphicsTypes.h">
      <Filter>common\Render\include</Filter>
    </ClInclude>
    <ClInclude Include="common\Core\include\Utility.h">
      <Filter>common\Core\include</Filter>
    </ClInclude>
    <ClInclude Include="common\Core\include\Expections.h">
      <Filter>common\Core\include</Filter>
    </ClInclude>
    <ClInclude Include="common\Render\include\Model.h">
      <Filter>common\Render\include</Filter>
    </ClInclude>
    <ClInclude Include="common\Core\include\Serialization.h">
      <Filter>common\Core\include</Filter>
    </ClInclude>
    <ClInclude Include="common\Core\include\FileIO.h">
      <Filter>common\Core\include</Filter>
    </ClInclude>
    <ClInclude Include="common\Render\include\PostProcessingHelper.h">
      <Filter>common\Render\include</Filter>
    </ClInclude>
    <ClInclude Include="common\Render\include\Profiler.h">
      <Filter>common\Render\include</Filter>
    </ClInclude>
    <ClInclude Include="common\Core\include\Timer.h">
      <Filter>common\Core\include</Filter>
    </ClInclude>
    <ClInclude Include="common\Render\include\Sampling.h">
      <Filter>common\Render\include</Filter>
    </ClInclude>
    <ClInclude Include="common\Render\include\SphericalGaussian.h">
      <Filter>common\Render\include</Filter>
    </ClInclude>
    <ClInclude Include="common\Render\include\SphericalHarmonics.h">
      <Filter>common\Render\include</Filter>
    </ClInclude>
    <ClInclude Include="common\Render\include\ShadowHelper.h">
      <Filter>common\Render\include</Filter>
    </ClInclude>
    <ClInclude Include="common\Render\include\Spectrum.h">
      <Filter>common\Render\include</Filter>
    </ClInclude>
    <ClInclude Include="common\Render\include\SpriteFont.h">
      <Filter>common\Render\include</Filter>
    </ClInclude>
    <ClInclude Include="common\Render\include\SpriteRenderer.h">
      <Filter>common\Render\include</Filter>
    </ClInclude>
    <ClInclude Include="common\Render\include\SwapChain.h">
      <Filter>common\Render\include</Filter>
    </ClInclude>
    <ClInclude Include="common\Render\include\Textures.h">
      <Filter>common\Render\include</Filter>
    </ClInclude>
    <ClInclude Include="common\Render\include\ArHosekSkyModel.h">
      <Filter>common\Render\include</Filter>
    </ClInclude>
    <ClInclude Include="common\Core\include\TinyEXR.h">
      <Filter>common\Core\include</Filter>
    </ClInclude>
    <ClInclude Include="common\Render\include\ArHosekSkyModelData_Spectral.h">
      <Filter>common\Render\include</Filter>
    </ClInclude>
    <ClInclude Include="common\Render\include\ArHosekSkyModelData_RGB.h">
      <Filter>common\Render\include</Filter>
    </ClInclude>
    <ClInclude Include="common\Render\include\ArHosekSkyModelData_CIEXYZ.h">
      <Filter>common\Render\include</Filter>
    </ClInclude>
  </ItemGroup>
  <ItemGroup>
    <ClCompile Include="common\Core\src\Assert.cpp">
      <Filter>common\Core\src</Filter>
    </ClCompile>
    <ClCompile Include="common\Core\src\PCH.cpp">
      <Filter>common\Core\src</Filter>
    </ClCompile>
    <ClCompile Include="common\DistMath\src\Vector2.cpp">
      <Filter>common\DistMath\src</Filter>
    </ClCompile>
    <ClCompile Include="common\DistMath\src\Vector3.cpp">
      <Filter>common\DistMath\src</Filter>
    </ClCompile>
    <ClCompile Include="common\DistMath\src\Vector4.cpp">
      <Filter>common\DistMath\src</Filter>
    </ClCompile>
    <ClCompile Include="common\DistMath\src\Matrix.cpp">
      <Filter>common\DistMath\src</Filter>
    </ClCompile>
    <ClCompile Include="common\DistMath\src\Quaternion.cpp">
      <Filter>common\DistMath\src</Filter>
    </ClCompile>
    <ClCompile Include="common\DistMath\src\Uint.cpp">
      <Filter>common\DistMath\src</Filter>
    </ClCompile>
    <ClCompile Include="common\DistMath\src\Int.cpp">
      <Filter>common\DistMath\src</Filter>
    </ClCompile>
    <ClCompile Include="common\DistMath\src\Random.cpp">
      <Filter>common\DistMath\src</Filter>
    </ClCompile>
    <ClCompile Include="common\Render\src\D3D12.cpp">
      <Filter>common\Render\src</Filter>
    </ClCompile>
    <ClCompile Include="common\Render\src\Camera.cpp">
      <Filter>common\Render\src</Filter>
    </ClCompile>
    <ClCompile Include="common\Render\src\D3D12Helpers.cpp">
      <Filter>common\Render\src</Filter>
    </ClCompile>
    <ClCompile Include="common\Render\src\D3D12Upload.cpp">
      <Filter>common\Render\src</Filter>
    </ClCompile>
    <ClCompile Include="common\Render\src\D3D12Error.cpp">
      <Filter>common\Render\src</Filter>
    </ClCompile>
    <ClCompile Include="common\Render\src\DXRHelper.cpp">
      <Filter>common\Render\src</Filter>
    </ClCompile>
    <ClCompile Include="common\Render\src\GraphicsTypes.cpp">
      <Filter>common\Render\src</Filter>
    </ClCompile>
    <ClCompile Include="common\Render\src\Model.cpp">
      <Filter>common\Render\src</Filter>
    </ClCompile>
    <ClCompile Include="common\Render\src\PostProcessingHelper.cpp">
      <Filter>common\Render\src</Filter>
    </ClCompile>
    <ClCompile Include="common\Render\src\Profiler.cpp">
      <Filter>common\Render\src</Filter>
    </ClCompile>
    <ClCompile Include="common\Render\src\Sampling.cpp">
      <Filter>common\Render\src</Filter>
    </ClCompile>
    <ClCompile Include="common\Render\src\SphericalGaussian.cpp">
      <Filter>common\Render\src</Filter>
    </ClCompile>
    <ClCompile Include="common\Render\src\SphericalHarmonics.cpp">
      <Filter>common\Render\src</Filter>
    </ClCompile>
    <ClCompile Include="common\Render\src\ShaderCompiler.cpp">
      <Filter>common\Render\src</Filter>
    </ClCompile>
    <ClCompile Include="common\Render\src\ShadowHelper.cpp">
      <Filter>common\Render\src</Filter>
    </ClCompile>
    <ClCompile Include="common\Render\src\Skybox.cpp">
      <Filter>common\Render\src</Filter>
    </ClCompile>
    <ClCompile Include="common\Render\src\Spectrum.cpp">
      <Filter>common\Render\src</Filter>
    </ClCompile>
    <ClCompile Include="common\Render\src\SpriteFont.cpp">
      <Filter>common\Render\src</Filter>
    </ClCompile>
    <ClCompile Include="common\Render\src\SpriteRenderer.cpp">
      <Filter>common\Render\src</Filter>
    </ClCompile>
    <ClCompile Include="common\Render\src\SwapChain.cpp">
      <Filter>common\Render\src</Filter>
    </ClCompile>
    <ClCompile Include="common\Render\src\Textures.cpp">
      <Filter>common\Render\src</Filter>
    </ClCompile>
    <ClCompile Include="common\Render\src\ArHosekSkyModel.cpp">
      <Filter>common\Render\src</Filter>
    </ClCompile>
  </ItemGroup>
</Project>