<?xml version="1.0" encoding="utf-8"?>
<Project ToolsVersion="4.0" xmlns="http://schemas.microsoft.com/developer/msbuild/2003">
  <ItemGroup>
    <Filter Include="EditorRender">
      <UniqueIdentifier>{3e78a9e7-468d-4c54-863f-3df4cabfcd09}</UniqueIdentifier>
    </Filter>
    <Filter Include="EditorUtils">
      <UniqueIdentifier>{3532baeb-3e7b-4a3a-a1f1-4d50674d2d22}</UniqueIdentifier>
    </Filter>
  </ItemGroup>
  <ItemGroup>
    <ClInclude Include="EditorRender\EditorApp.h">
      <Filter>EditorRender</Filter>
    </ClInclude>
    <ClInclude Include="EditorUtils\EditorUtils.h">
      <Filter>EditorUtils</Filter>
    </ClInclude>
  </ItemGroup>
  <ItemGroup>
    <ClCompile Include="EditorRender\EditorApp.cpp">
      <Filter>EditorRender</Filter>
    </ClCompile>
    <ClCompile Include="EditorUtils\EditorUtils.cpp">
      <Filter>EditorUtils</Filter>
    </ClCompile>
  </ItemGroup>
</Project>