<?xml version="1.0" encoding="utf-8"?>
<Project ToolsVersion="4.0" xmlns="http://schemas.microsoft.com/developer/msbuild/2003">
  <ItemGroup>
    <Filter Include="MeshLoader">
      <UniqueIdentifier>{a6f8695a-a4a9-472c-a2f8-ae124c385d0f}</UniqueIdentifier>
    </Filter>
    <Filter Include="MeshLoader\FbxLoader">
      <UniqueIdentifier>{daf8d0dd-0081-4a52-8042-0032613eeccd}</UniqueIdentifier>
    </Filter>
    <Filter Include="MeshLoader\GltfLoader">
      <UniqueIdentifier>{6056545a-7cb5-4910-a657-3ea9a8029b1f}</UniqueIdentifier>
    </Filter>
    <Filter Include="MeshLoader\ObjLoader">
      <UniqueIdentifier>{3647f5c3-21f7-44d3-8e09-ce2fb6e1fda2}</UniqueIdentifier>
    </Filter>
    <Filter Include="TextureLoader">
      <UniqueIdentifier>{5886ce8a-5f0c-4baf-8a2b-63a8a09cd927}</UniqueIdentifier>
    </Filter>
  </ItemGroup>
</Project>