<?xml version="1.0" encoding="utf-8"?>
<Project ToolsVersion="4.0" xmlns="http://schemas.microsoft.com/developer/msbuild/2003">
  <ItemGroup>
    <ClInclude Include="stb_c_lexer.h" />
    <ClInclude Include="stb_connected_components.h" />
    <ClInclude Include="stb_divide.h" />
    <ClInclude Include="stb_ds.h" />
    <ClInclude Include="stb_dxt.h" />
    <ClInclude Include="stb_easy_font.h" />
    <ClInclude Include="stb_herringbone_wang_tile.h" />
    <ClInclude Include="stb_hexwave.h" />
    <ClInclude Include="stb_image.h" />
    <ClInclude Include="stb_image_resize.h" />
    <ClInclude Include="stb_image_write.h" />
    <ClInclude Include="stb_include.h" />
    <ClInclude Include="stb_leakcheck.h" />
    <ClInclude Include="stb_rect_pack.h" />
    <ClInclude Include="stb_sprintf.h" />
    <ClInclude Include="stb_textedit.h" />
    <ClInclude Include="stb_tilemap_editor.h" />
    <ClInclude Include="stb_truetype.h" />
    <ClInclude Include="stb_voxel_render.h" />
  </ItemGroup>
  <ItemGroup>
    <ClCompile Include="stb_vorbis.c" />
  </ItemGroup>
</Project>