<?xml version="1.0" encoding="utf-8"?>
<Project ToolsVersion="4.0" xmlns="http://schemas.microsoft.com/developer/msbuild/2003">
  <ItemGroup>
    <ClCompile Include="InputSystem.cpp">
      <Filter>InputSystem</Filter>
    </ClCompile>
    <ClCompile Include="ResourcesPath.cpp">
      <Filter>ResourceManager</Filter>
    </ClCompile>
    <ClCompile Include="ResourcesManager.cpp">
      <Filter>ResourceManager</Filter>
    </ClCompile>
    <ClCompile Include="SceneManager.cpp">
      <Filter>SceneManager</Filter>
    </ClCompile>
    <ClCompile Include="GraphicsCore.cpp">
      <Filter>GraphicsSystem</Filter>
    </ClCompile>
    <ClCompile Include="GraphicsUtils.cpp">
      <Filter>GraphicsSystem</Filter>
    </ClCompile>
    <ClCompile Include="FbxLoader.cpp">
      <Filter>ResourceManager</Filter>
    </ClCompile>
    <ClCompile Include="ObjLoader.cpp">
      <Filter>ResourceManager</Filter>
    </ClCompile>
    <ClCompile Include="CommandListManager.cpp">
      <Filter>GraphicsSystem</Filter>
    </ClCompile>
    <ClCompile Include="DescriptorHeap.cpp">
      <Filter>GraphicsSystem</Filter>
    </ClCompile>
    <ClCompile Include="RootSignature.cpp">
      <Filter>GraphicsSystem</Filter>
    </ClCompile>
    <ClCompile Include="ShaderManager.cpp">
      <Filter>GraphicsSystem</Filter>
    </ClCompile>
    <ClCompile Include="PipelineStateObject.cpp">
      <Filter>GraphicsSystem</Filter>
    </ClCompile>
    <ClCompile Include="GBufferPass.cpp">
      <Filter>RenderPass</Filter>
    </ClCompile>
    <ClCompile Include="ShadowMap.cpp">
      <Filter>RenderPass</Filter>
    </ClCompile>
    <ClCompile Include="Ssao.cpp">
      <Filter>RenderPass</Filter>
    </ClCompile>
    <ClCompile Include="RenderTarget.cpp">
      <Filter>RenderPass</Filter>
    </ClCompile>
    <ClCompile Include="FrameResource.cpp">
      <Filter>GraphicsSystem</Filter>
    </ClCompile>
  </ItemGroup>
  <ItemGroup>
    <ClInclude Include="InputSystem.h">
      <Filter>InputSystem</Filter>
    </ClInclude>
    <ClInclude Include="GraphicsUtils.h">
      <Filter>GraphicsSystem</Filter>
    </ClInclude>
    <ClInclude Include="ResourcesPath.h">
      <Filter>ResourceManager</Filter>
    </ClInclude>
    <ClInclude Include="ResourcesManager.h">
      <Filter>ResourceManager</Filter>
    </ClInclude>
    <ClInclude Include="Texture2D.h">
      <Filter>ResourceManager</Filter>
    </ClInclude>
    <ClInclude Include="SceneManager.h">
      <Filter>SceneManager</Filter>
    </ClInclude>
    <ClInclude Include="GraphicsCore.h">
      <Filter>GraphicsSystem</Filter>
    </ClInclude>
    <ClInclude Include="FbxLoader.h">
      <Filter>ResourceManager</Filter>
    </ClInclude>
    <ClInclude Include="ObjLoader.h">
      <Filter>ResourceManager</Filter>
    </ClInclude>
    <ClInclude Include="CommandListManager.h">
      <Filter>GraphicsSystem</Filter>
    </ClInclude>
    <ClInclude Include="DescriptorHeap.h">
      <Filter>GraphicsSystem</Filter>
    </ClInclude>
    <ClInclude Include="RootSignature.h">
      <Filter>GraphicsSystem</Filter>
    </ClInclude>
    <ClInclude Include="ShaderManager.h">
      <Filter>GraphicsSystem</Filter>
    </ClInclude>
    <ClInclude Include="PipelineStateObject.h">
      <Filter>GraphicsSystem</Filter>
    </ClInclude>
    <ClInclude Include="GBufferPass.h">
      <Filter>RenderPass</Filter>
    </ClInclude>
    <ClInclude Include="Ssao.h">
      <Filter>RenderPass</Filter>
    </ClInclude>
    <ClInclude Include="ShadowMap.h">
      <Filter>RenderPass</Filter>
    </ClInclude>
    <ClInclude Include="RenderTarget.h">
      <Filter>RenderPass</Filter>
    </ClInclude>
    <ClInclude Include="MeshGeometry.h">
      <Filter>GraphicsSystem</Filter>
    </ClInclude>
    <ClInclude Include="FrameResource.h">
      <Filter>GraphicsSystem</Filter>
    </ClInclude>
  </ItemGroup>
  <ItemGroup>
    <Filter Include="InputSystem">
      <UniqueIdentifier>{e4291b71-b010-4f74-96e4-616553a91448}</UniqueIdentifier>
    </Filter>
    <Filter Include="GraphicsSystem">
      <UniqueIdentifier>{137a5663-10ee-4920-bbfa-084474969f01}</UniqueIdentifier>
    </Filter>
    <Filter Include="ResourceManager">
      <UniqueIdentifier>{90a1eba5-5d3f-4d55-8466-8e045c38501c}</UniqueIdentifier>
    </Filter>
    <Filter Include="SceneManager">
      <UniqueIdentifier>{7dba45c4-95e7-4d3c-a4d1-8f5c4f7d8df6}</UniqueIdentifier>
    </Filter>
    <Filter Include="RenderPass">
      <UniqueIdentifier>{c692ffa6-d2a4-4345-a2d4-a5d51ce36225}</UniqueIdentifier>
    </Filter>
  </ItemGroup>
</Project>