<?xml version="1.0" encoding="utf-8"?>
<Project ToolsVersion="4.0" xmlns="http://schemas.microsoft.com/developer/msbuild/2003">
  <ItemGroup>
    <Filter Include="EngineSystem">
      <UniqueIdentifier>{b7f51e92-847b-42dc-9d6c-2ed7dd1dc939}</UniqueIdentifier>
    </Filter>
    <Filter Include="PhysicsSystem">
      <UniqueIdentifier>{345b790b-89ac-4152-aaad-f7bc0ac8cf11}</UniqueIdentifier>
    </Filter>
    <Filter Include="InputSystem">
      <UniqueIdentifier>{61f53c10-894c-4d0c-a39a-42839dc11d6d}</UniqueIdentifier>
    </Filter>
    <Filter Include="SceneManager">
      <UniqueIdentifier>{cddc883d-0407-4736-b68f-2e0cd4cf0ee0}</UniqueIdentifier>
    </Filter>
  </ItemGroup>
  <ItemGroup>
    <ClInclude Include="EngineSystem\EngineApp.h">
      <Filter>EngineSystem</Filter>
    </ClInclude>
    <ClInclude Include="EngineSystem\GameTimer.h">
      <Filter>EngineSystem</Filter>
    </ClInclude>
    <ClInclude Include="EngineSystem\SystemUtils.h">
      <Filter>EngineSystem</Filter>
    </ClInclude>
    <ClInclude Include="EngineSystem\d3dx12.h">
      <Filter>EngineSystem</Filter>
    </ClInclude>
    <ClInclude Include="InputSystem\InputSystem.h">
      <Filter>InputSystem</Filter>
    </ClInclude>
    <ClInclude Include="PhysicsSystem\PhysicsSystem.h">
      <Filter>PhysicsSystem</Filter>
    </ClInclude>
    <ClInclude Include="PhysicsSystem\PhysicsUtils.h">
      <Filter>PhysicsSystem</Filter>
    </ClInclude>
    <ClInclude Include="Scene\DefaultScene.h">
      <Filter>SceneManager</Filter>
    </ClInclude>
    <ClInclude Include="EngineSystem\Texture.h">
      <Filter>EngineSystem</Filter>
    </ClInclude>
    <ClInclude Include="EngineSystem\MeshGeometry.h">
      <Filter>EngineSystem</Filter>
    </ClInclude>
    <ClInclude Include="EngineSystem\SystemApp.h">
      <Filter>EngineSystem</Filter>
    </ClInclude>
    <ClInclude Include="EngineSystem\DefaultFrameResource.h">
      <Filter>EngineSystem</Filter>
    </ClInclude>
    <ClInclude Include="EngineSystem\UploadBuffer.h">
      <Filter>EngineSystem</Filter>
    </ClInclude>
  </ItemGroup>
  <ItemGroup>
    <ClCompile Include="EngineSystem\EngineApp.cpp">
      <Filter>EngineSystem</Filter>
    </ClCompile>
    <ClCompile Include="EngineSystem\GameTimer.cpp">
      <Filter>EngineSystem</Filter>
    </ClCompile>
    <ClCompile Include="EngineSystem\SystemUtils.cpp">
      <Filter>EngineSystem</Filter>
    </ClCompile>
    <ClCompile Include="InputSystem\InputSystem.cpp">
      <Filter>InputSystem</Filter>
    </ClCompile>
    <ClCompile Include="PhysicsSystem\PhysicsSystem.cpp">
      <Filter>PhysicsSystem</Filter>
    </ClCompile>
    <ClCompile Include="PhysicsSystem\PhysicsUtils.cpp">
      <Filter>PhysicsSystem</Filter>
    </ClCompile>
    <ClCompile Include="Scene\DefaultScene.cpp">
      <Filter>SceneManager</Filter>
    </ClCompile>
    <ClCompile Include="EngineSystem\SystemApp.cpp">
      <Filter>EngineSystem</Filter>
    </ClCompile>
    <ClCompile Include="EngineSystem\DefaultFrameResource.cpp">
      <Filter>EngineSystem</Filter>
    </ClCompile>
  </ItemGroup>
</Project>