
Microsoft Visual Studio Solution File, Format Version 12.00
# Visual Studio Version 16
VisualStudioVersion = 16.0.31205.134
MinimumVisualStudioVersion = 10.0.40219.1
Project("{8BC9CEB8-8B4A-11D0-8D11-00A0C91BC942}") = "DistEngine", "DistEngine.vcxproj", "{93592C4B-0356-4937-B207-4300AAB19D08}"
	ProjectSection(ProjectDependencies) = postProject
		{5494DF09-5379-4185-99F0-E0B9786FC95F} = {5494DF09-5379-4185-99F0-E0B9786FC95F}
		{AEC70E0D-EA49-4F76-9874-B7BE418577F3} = {AEC70E0D-EA49-4F76-9874-B7BE418577F3}
		{D3FA5F15-7998-45CF-81B3-15DA38E69341} = {D3FA5F15-7998-45CF-81B3-15DA38E69341}
		{7CB50118-1851-44E4-88FD-463F94C8A079} = {7CB50118-1851-44E4-88FD-463F94C8A079}
		{1647BF1C-9BA0-405D-9F57-60DFBAB6330B} = {1647BF1C-9BA0-405D-9F57-60DFBAB6330B}
		{3104CD2A-47BC-403C-898B-10B644DFE108} = {3104CD2A-47BC-403C-898B-10B644DFE108}
		{B76D522F-3910-4859-811D-AD1C495776F8} = {B76D522F-3910-4859-811D-AD1C495776F8}
		{D7BC9837-CB80-46A7-B5D8-D0354A1596C0} = {D7BC9837-CB80-46A7-B5D8-D0354A1596C0}
		{F650468E-D336-439D-B307-6DA9177FEB0E} = {F650468E-D336-439D-B307-6DA9177FEB0E}
		{79FBC98E-BE8B-4ACE-90E3-93CA6EF16EB0} = {79FBC98E-BE8B-4ACE-90E3-93CA6EF16EB0}
		{3000F3AC-DB09-4073-B40D-C258E7A4BC2F} = {3000F3AC-DB09-4073-B40D-C258E7A4BC2F}
		{413754DF-BEBD-417C-AD1A-6A2BDCD4ACC2} = {413754DF-BEBD-417C-AD1A-6A2BDCD4ACC2}
	EndProjectSection
EndProject
Project("{8BC9CEB8-8B4A-11D0-8D11-00A0C91BC942}") = "Audio", "..\Audio\Audio.vcxproj", "{1647BF1C-9BA0-405D-9F57-60DFBAB6330B}"
EndProject
Project("{8BC9CEB8-8B4A-11D0-8D11-00A0C91BC942}") = "Core", "..\Core\Core.vcxproj", "{5494DF09-5379-4185-99F0-E0B9786FC95F}"
	ProjectSection(ProjectDependencies) = postProject
		{AEC70E0D-EA49-4F76-9874-B7BE418577F3} = {AEC70E0D-EA49-4F76-9874-B7BE418577F3}
		{7CB50118-1851-44E4-88FD-463F94C8A079} = {7CB50118-1851-44E4-88FD-463F94C8A079}
		{B76D522F-3910-4859-811D-AD1C495776F8} = {B76D522F-3910-4859-811D-AD1C495776F8}
		{79FBC98E-BE8B-4ACE-90E3-93CA6EF16EB0} = {79FBC98E-BE8B-4ACE-90E3-93CA6EF16EB0}
		{413754DF-BEBD-417C-AD1A-6A2BDCD4ACC2} = {413754DF-BEBD-417C-AD1A-6A2BDCD4ACC2}
	EndProjectSection
EndProject
Project("{2150E333-8FDC-42A3-9474-1A3956D46DE8}") = "Runtime", "Runtime", "{C89F01A2-27D2-46B8-A794-43F26DDF3060}"
EndProject
Project("{2150E333-8FDC-42A3-9474-1A3956D46DE8}") = "Editor", "Editor", "{EFC200EA-D502-4508-BBDF-E04FF3E1D1D0}"
EndProject
Project("{2150E333-8FDC-42A3-9474-1A3956D46DE8}") = "Engine", "Engine", "{ED37EB2E-B931-48E9-8BDC-380E3898DC11}"
EndProject
Project("{2150E333-8FDC-42A3-9474-1A3956D46DE8}") = "ThirdParty", "ThirdParty", "{02C25D09-36A2-4F5A-AFD5-733794FFFC1A}"
EndProject
Project("{8BC9CEB8-8B4A-11D0-8D11-00A0C91BC942}") = "ImGUI", "..\ThirdParty\ImGUI\ImGUI.vcxproj", "{7CB50118-1851-44E4-88FD-463F94C8A079}"
EndProject
Project("{8BC9CEB8-8B4A-11D0-8D11-00A0C91BC942}") = "Json11", "..\ThirdParty\Json11\Json11.vcxproj", "{79FBC98E-BE8B-4ACE-90E3-93CA6EF16EB0}"
EndProject
Project("{8BC9CEB8-8B4A-11D0-8D11-00A0C91BC942}") = "Spdlog", "..\ThirdParty\Spdlog\Spdlog.vcxproj", "{AEC70E0D-EA49-4F76-9874-B7BE418577F3}"
EndProject
Project("{8BC9CEB8-8B4A-11D0-8D11-00A0C91BC942}") = "Stb", "..\ThirdParty\Stb\Stb.vcxproj", "{B76D522F-3910-4859-811D-AD1C495776F8}"
EndProject
Project("{8BC9CEB8-8B4A-11D0-8D11-00A0C91BC942}") = "TinyObjLoader", "..\ThirdParty\Tinyobjloader\TinyObjLoader.vcxproj", "{413754DF-BEBD-417C-AD1A-6A2BDCD4ACC2}"
EndProject
Project("{8BC9CEB8-8B4A-11D0-8D11-00A0C91BC942}") = "Component", "..\Component\Component.vcxproj", "{3000F3AC-DB09-4073-B40D-C258E7A4BC2F}"
EndProject
Project("{2150E333-8FDC-42A3-9474-1A3956D46DE8}") = "Media", "Media", "{02AEAFC3-43B1-4BC5-84EA-DFFB4EB2AFF4}"
EndProject
Project("{8BC9CEB8-8B4A-11D0-8D11-00A0C91BC942}") = "System", "..\System\Renderer.vcxproj", "{F650468E-D336-439D-B307-6DA9177FEB0E}"
	ProjectSection(ProjectDependencies) = postProject
		{5494DF09-5379-4185-99F0-E0B9786FC95F} = {5494DF09-5379-4185-99F0-E0B9786FC95F}
		{AEC70E0D-EA49-4F76-9874-B7BE418577F3} = {AEC70E0D-EA49-4F76-9874-B7BE418577F3}
		{7CB50118-1851-44E4-88FD-463F94C8A079} = {7CB50118-1851-44E4-88FD-463F94C8A079}
		{B76D522F-3910-4859-811D-AD1C495776F8} = {B76D522F-3910-4859-811D-AD1C495776F8}
		{79FBC98E-BE8B-4ACE-90E3-93CA6EF16EB0} = {79FBC98E-BE8B-4ACE-90E3-93CA6EF16EB0}
		{3000F3AC-DB09-4073-B40D-C258E7A4BC2F} = {3000F3AC-DB09-4073-B40D-C258E7A4BC2F}
		{413754DF-BEBD-417C-AD1A-6A2BDCD4ACC2} = {413754DF-BEBD-417C-AD1A-6A2BDCD4ACC2}
	EndProjectSection
EndProject
Project("{8BC9CEB8-8B4A-11D0-8D11-00A0C91BC942}") = "Render", "..\Render\Render.vcxproj", "{3104CD2A-47BC-403C-898B-10B644DFE108}"
	ProjectSection(ProjectDependencies) = postProject
		{5494DF09-5379-4185-99F0-E0B9786FC95F} = {5494DF09-5379-4185-99F0-E0B9786FC95F}
		{AEC70E0D-EA49-4F76-9874-B7BE418577F3} = {AEC70E0D-EA49-4F76-9874-B7BE418577F3}
		{7CB50118-1851-44E4-88FD-463F94C8A079} = {7CB50118-1851-44E4-88FD-463F94C8A079}
		{1647BF1C-9BA0-405D-9F57-60DFBAB6330B} = {1647BF1C-9BA0-405D-9F57-60DFBAB6330B}
		{B76D522F-3910-4859-811D-AD1C495776F8} = {B76D522F-3910-4859-811D-AD1C495776F8}
		{F650468E-D336-439D-B307-6DA9177FEB0E} = {F650468E-D336-439D-B307-6DA9177FEB0E}
		{79FBC98E-BE8B-4ACE-90E3-93CA6EF16EB0} = {79FBC98E-BE8B-4ACE-90E3-93CA6EF16EB0}
		{3000F3AC-DB09-4073-B40D-C258E7A4BC2F} = {3000F3AC-DB09-4073-B40D-C258E7A4BC2F}
		{413754DF-BEBD-417C-AD1A-6A2BDCD4ACC2} = {413754DF-BEBD-417C-AD1A-6A2BDCD4ACC2}
	EndProjectSection
EndProject
Project("{8BC9CEB8-8B4A-11D0-8D11-00A0C91BC942}") = "DistEditor", "..\DistEditor\DistEditor.vcxproj", "{D7BC9837-CB80-46A7-B5D8-D0354A1596C0}"
	ProjectSection(ProjectDependencies) = postProject
		{5494DF09-5379-4185-99F0-E0B9786FC95F} = {5494DF09-5379-4185-99F0-E0B9786FC95F}
		{AEC70E0D-EA49-4F76-9874-B7BE418577F3} = {AEC70E0D-EA49-4F76-9874-B7BE418577F3}
		{7CB50118-1851-44E4-88FD-463F94C8A079} = {7CB50118-1851-44E4-88FD-463F94C8A079}
		{1647BF1C-9BA0-405D-9F57-60DFBAB6330B} = {1647BF1C-9BA0-405D-9F57-60DFBAB6330B}
		{3104CD2A-47BC-403C-898B-10B644DFE108} = {3104CD2A-47BC-403C-898B-10B644DFE108}
		{B76D522F-3910-4859-811D-AD1C495776F8} = {B76D522F-3910-4859-811D-AD1C495776F8}
		{F650468E-D336-439D-B307-6DA9177FEB0E} = {F650468E-D336-439D-B307-6DA9177FEB0E}
		{79FBC98E-BE8B-4ACE-90E3-93CA6EF16EB0} = {79FBC98E-BE8B-4ACE-90E3-93CA6EF16EB0}
		{3000F3AC-DB09-4073-B40D-C258E7A4BC2F} = {3000F3AC-DB09-4073-B40D-C258E7A4BC2F}
		{413754DF-BEBD-417C-AD1A-6A2BDCD4ACC2} = {413754DF-BEBD-417C-AD1A-6A2BDCD4ACC2}
	EndProjectSection
EndProject
Project("{8BC9CEB8-8B4A-11D0-8D11-00A0C91BC942}") = "JoltPhysics", "..\ThirdParty\Jolt\JoltPhysics.vcxproj", "{D3FA5F15-7998-45CF-81B3-15DA38E69341}"
EndProject
Global
	GlobalSection(SolutionConfigurationPlatforms) = preSolution
		Debug|x64 = Debug|x64
		Debug|x86 = Debug|x86
		Release|x64 = Release|x64
		Release|x86 = Release|x86
	EndGlobalSection
	GlobalSection(ProjectConfigurationPlatforms) = postSolution
		{93592C4B-0356-4937-B207-4300AAB19D08}.Debug|x64.ActiveCfg = Debug|x64
		{93592C4B-0356-4937-B207-4300AAB19D08}.Debug|x64.Build.0 = Debug|x64
		{93592C4B-0356-4937-B207-4300AAB19D08}.Debug|x86.ActiveCfg = Debug|Win32
		{93592C4B-0356-4937-B207-4300AAB19D08}.Debug|x86.Build.0 = Debug|Win32
		{93592C4B-0356-4937-B207-4300AAB19D08}.Release|x64.ActiveCfg = Release|x64
		{93592C4B-0356-4937-B207-4300AAB19D08}.Release|x64.Build.0 = Release|x64
		{93592C4B-0356-4937-B207-4300AAB19D08}.Release|x86.ActiveCfg = Release|Win32
		{93592C4B-0356-4937-B207-4300AAB19D08}.Release|x86.Build.0 = Release|Win32
		{1647BF1C-9BA0-405D-9F57-60DFBAB6330B}.Debug|x64.ActiveCfg = Debug|x64
		{1647BF1C-9BA0-405D-9F57-60DFBAB6330B}.Debug|x64.Build.0 = Debug|x64
		{1647BF1C-9BA0-405D-9F57-60DFBAB6330B}.Debug|x86.ActiveCfg = Debug|Win32
		{1647BF1C-9BA0-405D-9F57-60DFBAB6330B}.Debug|x86.Build.0 = Debug|Win32
		{1647BF1C-9BA0-405D-9F57-60DFBAB6330B}.Release|x64.ActiveCfg = Release|x64
		{1647BF1C-9BA0-405D-9F57-60DFBAB6330B}.Release|x64.Build.0 = Release|x64
		{1647BF1C-9BA0-405D-9F57-60DFBAB6330B}.Release|x86.ActiveCfg = Release|Win32
		{1647BF1C-9BA0-405D-9F57-60DFBAB6330B}.Release|x86.Build.0 = Release|Win32
		{5494DF09-5379-4185-99F0-E0B9786FC95F}.Debug|x64.ActiveCfg = Debug|x64
		{5494DF09-5379-4185-99F0-E0B9786FC95F}.Debug|x64.Build.0 = Debug|x64
		{5494DF09-5379-4185-99F0-E0B9786FC95F}.Debug|x86.ActiveCfg = Debug|Win32
		{5494DF09-5379-4185-99F0-E0B9786FC95F}.Debug|x86.Build.0 = Debug|Win32
		{5494DF09-5379-4185-99F0-E0B9786FC95F}.Release|x64.ActiveCfg = Release|x64
		{5494DF09-5379-4185-99F0-E0B9786FC95F}.Release|x64.Build.0 = Release|x64
		{5494DF09-5379-4185-99F0-E0B9786FC95F}.Release|x86.ActiveCfg = Release|Win32
		{5494DF09-5379-4185-99F0-E0B9786FC95F}.Release|x86.Build.0 = Release|Win32
		{7CB50118-1851-44E4-88FD-463F94C8A079}.Debug|x64.ActiveCfg = Debug|x64
		{7CB50118-1851-44E4-88FD-463F94C8A079}.Debug|x64.Build.0 = Debug|x64
		{7CB50118-1851-44E4-88FD-463F94C8A079}.Debug|x86.ActiveCfg = Debug|Win32
		{7CB50118-1851-44E4-88FD-463F94C8A079}.Debug|x86.Build.0 = Debug|Win32
		{7CB50118-1851-44E4-88FD-463F94C8A079}.Release|x64.ActiveCfg = Release|x64
		{7CB50118-1851-44E4-88FD-463F94C8A079}.Release|x64.Build.0 = Release|x64
		{7CB50118-1851-44E4-88FD-463F94C8A079}.Release|x86.ActiveCfg = Release|Win32
		{7CB50118-1851-44E4-88FD-463F94C8A079}.Release|x86.Build.0 = Release|Win32
		{79FBC98E-BE8B-4ACE-90E3-93CA6EF16EB0}.Debug|x64.ActiveCfg = Debug|x64
		{79FBC98E-BE8B-4ACE-90E3-93CA6EF16EB0}.Debug|x64.Build.0 = Debug|x64
		{79FBC98E-BE8B-4ACE-90E3-93CA6EF16EB0}.Debug|x86.ActiveCfg = Debug|Win32
		{79FBC98E-BE8B-4ACE-90E3-93CA6EF16EB0}.Debug|x86.Build.0 = Debug|Win32
		{79FBC98E-BE8B-4ACE-90E3-93CA6EF16EB0}.Release|x64.ActiveCfg = Release|x64
		{79FBC98E-BE8B-4ACE-90E3-93CA6EF16EB0}.Release|x64.Build.0 = Release|x64
		{79FBC98E-BE8B-4ACE-90E3-93CA6EF16EB0}.Release|x86.ActiveCfg = Release|Win32
		{79FBC98E-BE8B-4ACE-90E3-93CA6EF16EB0}.Release|x86.Build.0 = Release|Win32
		{AEC70E0D-EA49-4F76-9874-B7BE418577F3}.Debug|x64.ActiveCfg = Debug|x64
		{AEC70E0D-EA49-4F76-9874-B7BE418577F3}.Debug|x64.Build.0 = Debug|x64
		{AEC70E0D-EA49-4F76-9874-B7BE418577F3}.Debug|x86.ActiveCfg = Debug|Win32
		{AEC70E0D-EA49-4F76-9874-B7BE418577F3}.Debug|x86.Build.0 = Debug|Win32
		{AEC70E0D-EA49-4F76-9874-B7BE418577F3}.Release|x64.ActiveCfg = Release|x64
		{AEC70E0D-EA49-4F76-9874-B7BE418577F3}.Release|x64.Build.0 = Release|x64
		{AEC70E0D-EA49-4F76-9874-B7BE418577F3}.Release|x86.ActiveCfg = Release|Win32
		{AEC70E0D-EA49-4F76-9874-B7BE418577F3}.Release|x86.Build.0 = Release|Win32
		{B76D522F-3910-4859-811D-AD1C495776F8}.Debug|x64.ActiveCfg = Debug|x64
		{B76D522F-3910-4859-811D-AD1C495776F8}.Debug|x64.Build.0 = Debug|x64
		{B76D522F-3910-4859-811D-AD1C495776F8}.Debug|x86.ActiveCfg = Debug|Win32
		{B76D522F-3910-4859-811D-AD1C495776F8}.Debug|x86.Build.0 = Debug|Win32
		{B76D522F-3910-4859-811D-AD1C495776F8}.Release|x64.ActiveCfg = Release|x64
		{B76D522F-3910-4859-811D-AD1C495776F8}.Release|x64.Build.0 = Release|x64
		{B76D522F-3910-4859-811D-AD1C495776F8}.Release|x86.ActiveCfg = Release|Win32
		{B76D522F-3910-4859-811D-AD1C495776F8}.Release|x86.Build.0 = Release|Win32
		{413754DF-BEBD-417C-AD1A-6A2BDCD4ACC2}.Debug|x64.ActiveCfg = Debug|x64
		{413754DF-BEBD-417C-AD1A-6A2BDCD4ACC2}.Debug|x64.Build.0 = Debug|x64
		{413754DF-BEBD-417C-AD1A-6A2BDCD4ACC2}.Debug|x86.ActiveCfg = Debug|Win32
		{413754DF-BEBD-417C-AD1A-6A2BDCD4ACC2}.Debug|x86.Build.0 = Debug|Win32
		{413754DF-BEBD-417C-AD1A-6A2BDCD4ACC2}.Release|x64.ActiveCfg = Release|x64
		{413754DF-BEBD-417C-AD1A-6A2BDCD4ACC2}.Release|x64.Build.0 = Release|x64
		{413754DF-BEBD-417C-AD1A-6A2BDCD4ACC2}.Release|x86.ActiveCfg = Release|Win32
		{413754DF-BEBD-417C-AD1A-6A2BDCD4ACC2}.Release|x86.Build.0 = Release|Win32
		{3000F3AC-DB09-4073-B40D-C258E7A4BC2F}.Debug|x64.ActiveCfg = Debug|x64
		{3000F3AC-DB09-4073-B40D-C258E7A4BC2F}.Debug|x64.Build.0 = Debug|x64
		{3000F3AC-DB09-4073-B40D-C258E7A4BC2F}.Debug|x86.ActiveCfg = Debug|Win32
		{3000F3AC-DB09-4073-B40D-C258E7A4BC2F}.Debug|x86.Build.0 = Debug|Win32
		{3000F3AC-DB09-4073-B40D-C258E7A4BC2F}.Release|x64.ActiveCfg = Release|x64
		{3000F3AC-DB09-4073-B40D-C258E7A4BC2F}.Release|x64.Build.0 = Release|x64
		{3000F3AC-DB09-4073-B40D-C258E7A4BC2F}.Release|x86.ActiveCfg = Release|Win32
		{3000F3AC-DB09-4073-B40D-C258E7A4BC2F}.Release|x86.Build.0 = Release|Win32
		{F650468E-D336-439D-B307-6DA9177FEB0E}.Debug|x64.ActiveCfg = Debug|x64
		{F650468E-D336-439D-B307-6DA9177FEB0E}.Debug|x64.Build.0 = Debug|x64
		{F650468E-D336-439D-B307-6DA9177FEB0E}.Debug|x86.ActiveCfg = Debug|Win32
		{F650468E-D336-439D-B307-6DA9177FEB0E}.Debug|x86.Build.0 = Debug|Win32
		{F650468E-D336-439D-B307-6DA9177FEB0E}.Release|x64.ActiveCfg = Release|x64
		{F650468E-D336-439D-B307-6DA9177FEB0E}.Release|x64.Build.0 = Release|x64
		{F650468E-D336-439D-B307-6DA9177FEB0E}.Release|x86.ActiveCfg = Release|Win32
		{F650468E-D336-439D-B307-6DA9177FEB0E}.Release|x86.Build.0 = Release|Win32
		{3104CD2A-47BC-403C-898B-10B644DFE108}.Debug|x64.ActiveCfg = Debug|x64
		{3104CD2A-47BC-403C-898B-10B644DFE108}.Debug|x64.Build.0 = Debug|x64
		{3104CD2A-47BC-403C-898B-10B644DFE108}.Debug|x86.ActiveCfg = Debug|Win32
		{3104CD2A-47BC-403C-898B-10B644DFE108}.Debug|x86.Build.0 = Debug|Win32
		{3104CD2A-47BC-403C-898B-10B644DFE108}.Release|x64.ActiveCfg = Release|x64
		{3104CD2A-47BC-403C-898B-10B644DFE108}.Release|x64.Build.0 = Release|x64
		{3104CD2A-47BC-403C-898B-10B644DFE108}.Release|x86.ActiveCfg = Release|Win32
		{3104CD2A-47BC-403C-898B-10B644DFE108}.Release|x86.Build.0 = Release|Win32
		{D7BC9837-CB80-46A7-B5D8-D0354A1596C0}.Debug|x64.ActiveCfg = Debug|x64
		{D7BC9837-CB80-46A7-B5D8-D0354A1596C0}.Debug|x64.Build.0 = Debug|x64
		{D7BC9837-CB80-46A7-B5D8-D0354A1596C0}.Debug|x86.ActiveCfg = Debug|Win32
		{D7BC9837-CB80-46A7-B5D8-D0354A1596C0}.Debug|x86.Build.0 = Debug|Win32
		{D7BC9837-CB80-46A7-B5D8-D0354A1596C0}.Release|x64.ActiveCfg = Release|x64
		{D7BC9837-CB80-46A7-B5D8-D0354A1596C0}.Release|x64.Build.0 = Release|x64
		{D7BC9837-CB80-46A7-B5D8-D0354A1596C0}.Release|x86.ActiveCfg = Release|Win32
		{D7BC9837-CB80-46A7-B5D8-D0354A1596C0}.Release|x86.Build.0 = Release|Win32
		{D3FA5F15-7998-45CF-81B3-15DA38E69341}.Debug|x64.ActiveCfg = Debug|x64
		{D3FA5F15-7998-45CF-81B3-15DA38E69341}.Debug|x64.Build.0 = Debug|x64
		{D3FA5F15-7998-45CF-81B3-15DA38E69341}.Debug|x86.ActiveCfg = Debug|Win32
		{D3FA5F15-7998-45CF-81B3-15DA38E69341}.Debug|x86.Build.0 = Debug|Win32
		{D3FA5F15-7998-45CF-81B3-15DA38E69341}.Release|x64.ActiveCfg = Release|x64
		{D3FA5F15-7998-45CF-81B3-15DA38E69341}.Release|x64.Build.0 = Release|x64
		{D3FA5F15-7998-45CF-81B3-15DA38E69341}.Release|x86.ActiveCfg = Release|Win32
		{D3FA5F15-7998-45CF-81B3-15DA38E69341}.Release|x86.Build.0 = Release|Win32
	EndGlobalSection
	GlobalSection(SolutionProperties) = preSolution
		HideSolutionNode = FALSE
	EndGlobalSection
	GlobalSection(NestedProjects) = preSolution
		{93592C4B-0356-4937-B207-4300AAB19D08} = {ED37EB2E-B931-48E9-8BDC-380E3898DC11}
		{1647BF1C-9BA0-405D-9F57-60DFBAB6330B} = {02AEAFC3-43B1-4BC5-84EA-DFFB4EB2AFF4}
		{5494DF09-5379-4185-99F0-E0B9786FC95F} = {C89F01A2-27D2-46B8-A794-43F26DDF3060}
		{7CB50118-1851-44E4-88FD-463F94C8A079} = {02C25D09-36A2-4F5A-AFD5-733794FFFC1A}
		{79FBC98E-BE8B-4ACE-90E3-93CA6EF16EB0} = {02C25D09-36A2-4F5A-AFD5-733794FFFC1A}
		{AEC70E0D-EA49-4F76-9874-B7BE418577F3} = {02C25D09-36A2-4F5A-AFD5-733794FFFC1A}
		{B76D522F-3910-4859-811D-AD1C495776F8} = {02C25D09-36A2-4F5A-AFD5-733794FFFC1A}
		{413754DF-BEBD-417C-AD1A-6A2BDCD4ACC2} = {02C25D09-36A2-4F5A-AFD5-733794FFFC1A}
		{3000F3AC-DB09-4073-B40D-C258E7A4BC2F} = {C89F01A2-27D2-46B8-A794-43F26DDF3060}
		{F650468E-D336-439D-B307-6DA9177FEB0E} = {C89F01A2-27D2-46B8-A794-43F26DDF3060}
		{3104CD2A-47BC-403C-898B-10B644DFE108} = {C89F01A2-27D2-46B8-A794-43F26DDF3060}
		{D7BC9837-CB80-46A7-B5D8-D0354A1596C0} = {EFC200EA-D502-4508-BBDF-E04FF3E1D1D0}
		{D3FA5F15-7998-45CF-81B3-15DA38E69341} = {02C25D09-36A2-4F5A-AFD5-733794FFFC1A}
	EndGlobalSection
	GlobalSection(ExtensibilityGlobals) = postSolution
		SolutionGuid = {AAE3729C-DDA9-46CA-9941-224892D707BF}
	EndGlobalSection
EndGlobal
