
Microsoft Visual Studio Solution File, Format Version 12.00
# Visual Studio Version 16
VisualStudioVersion = 16.0.31205.134
MinimumVisualStudioVersion = 10.0.40219.1
Project("{8BC9CEB8-8B4A-11D0-8D11-00A0C91BC942}") = "DistEngine", "DistEngine.vcxproj", "{93592C4B-0356-4937-B207-4300AAB19D08}"
	ProjectSection(ProjectDependencies) = postProject
		{5494DF09-5379-4185-99F0-E0B9786FC95F} = {5494DF09-5379-4185-99F0-E0B9786FC95F}
		{7CB50118-1851-44E4-88FD-463F94C8A079} = {7CB50118-1851-44E4-88FD-463F94C8A079}
		{1647BF1C-9BA0-405D-9F57-60DFBAB6330B} = {1647BF1C-9BA0-405D-9F57-60DFBAB6330B}
		{F650468E-D336-439D-B307-6DA9177FEB0E} = {F650468E-D336-439D-B307-6DA9177FEB0E}
		{FABD48C9-55B5-4413-B3E0-CC0D208920B6} = {FABD48C9-55B5-4413-B3E0-CC0D208920B6}
	EndProjectSection
EndProject
Project("{8BC9CEB8-8B4A-11D0-8D11-00A0C91BC942}") = "Core", "Core\Core.vcxproj", "{5494DF09-5379-4185-99F0-E0B9786FC95F}"
	ProjectSection(ProjectDependencies) = postProject
		{7CB50118-1851-44E4-88FD-463F94C8A079} = {7CB50118-1851-44E4-88FD-463F94C8A079}
	EndProjectSection
EndProject
Project("{8BC9CEB8-8B4A-11D0-8D11-00A0C91BC942}") = "Renderer", "..\Renderer\Renderer.vcxproj", "{F650468E-D336-439D-B307-6DA9177FEB0E}"
	ProjectSection(ProjectDependencies) = postProject
		{5494DF09-5379-4185-99F0-E0B9786FC95F} = {5494DF09-5379-4185-99F0-E0B9786FC95F}
		{7CB50118-1851-44E4-88FD-463F94C8A079} = {7CB50118-1851-44E4-88FD-463F94C8A079}
		{FABD48C9-55B5-4413-B3E0-CC0D208920B6} = {FABD48C9-55B5-4413-B3E0-CC0D208920B6}
	EndProjectSection
EndProject
Project("{8BC9CEB8-8B4A-11D0-8D11-00A0C91BC942}") = "ImGUI", "..\ImGUI\ImGUI.vcxproj", "{7CB50118-1851-44E4-88FD-463F94C8A079}"
EndProject
Project("{8BC9CEB8-8B4A-11D0-8D11-00A0C91BC942}") = "ModelLoader", "..\ModelLoader\ModelLoader.vcxproj", "{FABD48C9-55B5-4413-B3E0-CC0D208920B6}"
	ProjectSection(ProjectDependencies) = postProject
		{5494DF09-5379-4185-99F0-E0B9786FC95F} = {5494DF09-5379-4185-99F0-E0B9786FC95F}
	EndProjectSection
EndProject
Project("{8BC9CEB8-8B4A-11D0-8D11-00A0C91BC942}") = "Audio", "..\Audio\Audio.vcxproj", "{1647BF1C-9BA0-405D-9F57-60DFBAB6330B}"
EndProject
Global
	GlobalSection(SolutionConfigurationPlatforms) = preSolution
		Debug|x64 = Debug|x64
		Debug|x86 = Debug|x86
		Release|x64 = Release|x64
		Release|x86 = Release|x86
	EndGlobalSection
	GlobalSection(ProjectConfigurationPlatforms) = postSolution
		{93592C4B-0356-4937-B207-4300AAB19D08}.Debug|x64.ActiveCfg = Debug|x64
		{93592C4B-0356-4937-B207-4300AAB19D08}.Debug|x64.Build.0 = Debug|x64
		{93592C4B-0356-4937-B207-4300AAB19D08}.Debug|x86.ActiveCfg = Debug|Win32
		{93592C4B-0356-4937-B207-4300AAB19D08}.Debug|x86.Build.0 = Debug|Win32
		{93592C4B-0356-4937-B207-4300AAB19D08}.Release|x64.ActiveCfg = Release|x64
		{93592C4B-0356-4937-B207-4300AAB19D08}.Release|x64.Build.0 = Release|x64
		{93592C4B-0356-4937-B207-4300AAB19D08}.Release|x86.ActiveCfg = Release|Win32
		{93592C4B-0356-4937-B207-4300AAB19D08}.Release|x86.Build.0 = Release|Win32
		{5494DF09-5379-4185-99F0-E0B9786FC95F}.Debug|x64.ActiveCfg = Debug|x64
		{5494DF09-5379-4185-99F0-E0B9786FC95F}.Debug|x64.Build.0 = Debug|x64
		{5494DF09-5379-4185-99F0-E0B9786FC95F}.Debug|x86.ActiveCfg = Debug|Win32
		{5494DF09-5379-4185-99F0-E0B9786FC95F}.Debug|x86.Build.0 = Debug|Win32
		{5494DF09-5379-4185-99F0-E0B9786FC95F}.Release|x64.ActiveCfg = Release|x64
		{5494DF09-5379-4185-99F0-E0B9786FC95F}.Release|x64.Build.0 = Release|x64
		{5494DF09-5379-4185-99F0-E0B9786FC95F}.Release|x86.ActiveCfg = Release|Win32
		{5494DF09-5379-4185-99F0-E0B9786FC95F}.Release|x86.Build.0 = Release|Win32
		{F650468E-D336-439D-B307-6DA9177FEB0E}.Debug|x64.ActiveCfg = Debug|x64
		{F650468E-D336-439D-B307-6DA9177FEB0E}.Debug|x64.Build.0 = Debug|x64
		{F650468E-D336-439D-B307-6DA9177FEB0E}.Debug|x86.ActiveCfg = Debug|Win32
		{F650468E-D336-439D-B307-6DA9177FEB0E}.Debug|x86.Build.0 = Debug|Win32
		{F650468E-D336-439D-B307-6DA9177FEB0E}.Release|x64.ActiveCfg = Release|x64
		{F650468E-D336-439D-B307-6DA9177FEB0E}.Release|x64.Build.0 = Release|x64
		{F650468E-D336-439D-B307-6DA9177FEB0E}.Release|x86.ActiveCfg = Release|Win32
		{F650468E-D336-439D-B307-6DA9177FEB0E}.Release|x86.Build.0 = Release|Win32
		{7CB50118-1851-44E4-88FD-463F94C8A079}.Debug|x64.ActiveCfg = Debug|x64
		{7CB50118-1851-44E4-88FD-463F94C8A079}.Debug|x64.Build.0 = Debug|x64
		{7CB50118-1851-44E4-88FD-463F94C8A079}.Debug|x86.ActiveCfg = Debug|Win32
		{7CB50118-1851-44E4-88FD-463F94C8A079}.Debug|x86.Build.0 = Debug|Win32
		{7CB50118-1851-44E4-88FD-463F94C8A079}.Release|x64.ActiveCfg = Release|x64
		{7CB50118-1851-44E4-88FD-463F94C8A079}.Release|x64.Build.0 = Release|x64
		{7CB50118-1851-44E4-88FD-463F94C8A079}.Release|x86.ActiveCfg = Release|Win32
		{7CB50118-1851-44E4-88FD-463F94C8A079}.Release|x86.Build.0 = Release|Win32
		{FABD48C9-55B5-4413-B3E0-CC0D208920B6}.Debug|x64.ActiveCfg = Debug|x64
		{FABD48C9-55B5-4413-B3E0-CC0D208920B6}.Debug|x64.Build.0 = Debug|x64
		{FABD48C9-55B5-4413-B3E0-CC0D208920B6}.Debug|x86.ActiveCfg = Debug|Win32
		{FABD48C9-55B5-4413-B3E0-CC0D208920B6}.Debug|x86.Build.0 = Debug|Win32
		{FABD48C9-55B5-4413-B3E0-CC0D208920B6}.Release|x64.ActiveCfg = Release|x64
		{FABD48C9-55B5-4413-B3E0-CC0D208920B6}.Release|x64.Build.0 = Release|x64
		{FABD48C9-55B5-4413-B3E0-CC0D208920B6}.Release|x86.ActiveCfg = Release|Win32
		{FABD48C9-55B5-4413-B3E0-CC0D208920B6}.Release|x86.Build.0 = Release|Win32
		{1647BF1C-9BA0-405D-9F57-60DFBAB6330B}.Debug|x64.ActiveCfg = Debug|x64
		{1647BF1C-9BA0-405D-9F57-60DFBAB6330B}.Debug|x64.Build.0 = Debug|x64
		{1647BF1C-9BA0-405D-9F57-60DFBAB6330B}.Debug|x86.ActiveCfg = Debug|Win32
		{1647BF1C-9BA0-405D-9F57-60DFBAB6330B}.Debug|x86.Build.0 = Debug|Win32
		{1647BF1C-9BA0-405D-9F57-60DFBAB6330B}.Release|x64.ActiveCfg = Release|x64
		{1647BF1C-9BA0-405D-9F57-60DFBAB6330B}.Release|x64.Build.0 = Release|x64
		{1647BF1C-9BA0-405D-9F57-60DFBAB6330B}.Release|x86.ActiveCfg = Release|Win32
		{1647BF1C-9BA0-405D-9F57-60DFBAB6330B}.Release|x86.Build.0 = Release|Win32
	EndGlobalSection
	GlobalSection(SolutionProperties) = preSolution
		HideSolutionNode = FALSE
	EndGlobalSection
	GlobalSection(ExtensibilityGlobals) = postSolution
		SolutionGuid = {AAE3729C-DDA9-46CA-9941-224892D707BF}
	EndGlobalSection
EndGlobal
