
Microsoft Visual Studio Solution File, Format Version 12.00
# Visual Studio Version 16
VisualStudioVersion = 16.0.31205.134
MinimumVisualStudioVersion = 10.0.40219.1
Project("{8BC9CEB8-8B4A-11D0-8D11-00A0C91BC942}") = "DistEngine", "DistEngine.vcxproj", "{93592C4B-0356-4937-B207-4300AAB19D08}"
	ProjectSection(ProjectDependencies) = postProject
		{5494DF09-5379-4185-99F0-E0B9786FC95F} = {5494DF09-5379-4185-99F0-E0B9786FC95F}
		{AEC70E0D-EA49-4F76-9874-B7BE418577F3} = {AEC70E0D-EA49-4F76-9874-B7BE418577F3}
		{7CB50118-1851-44E4-88FD-463F94C8A079} = {7CB50118-1851-44E4-88FD-463F94C8A079}
		{4D07451F-2117-4F97-BD57-F79B4ED23BE6} = {4D07451F-2117-4F97-BD57-F79B4ED23BE6}
		{B76D522F-3910-4859-811D-AD1C495776F8} = {B76D522F-3910-4859-811D-AD1C495776F8}
		{D1478862-41B0-4A83-A760-77B1EF4A3AB2} = {D1478862-41B0-4A83-A760-77B1EF4A3AB2}
		{79FBC98E-BE8B-4ACE-90E3-93CA6EF16EB0} = {79FBC98E-BE8B-4ACE-90E3-93CA6EF16EB0}
		{B63E3DAE-BBD6-4F1D-B527-AB685AEB152E} = {B63E3DAE-BBD6-4F1D-B527-AB685AEB152E}
		{413754DF-BEBD-417C-AD1A-6A2BDCD4ACC2} = {413754DF-BEBD-417C-AD1A-6A2BDCD4ACC2}
		{41FA8AE9-E8CD-4FC1-A699-960594FBF130} = {41FA8AE9-E8CD-4FC1-A699-960594FBF130}
		{F91BFBF4-173E-43D6-B617-1052E8514B26} = {F91BFBF4-173E-43D6-B617-1052E8514B26}
	EndProjectSection
EndProject
Project("{2150E333-8FDC-42A3-9474-1A3956D46DE8}") = "Runtime", "Runtime", "{44E5CFAE-DBF5-4D45-BEA2-8B8D643F7AC8}"
EndProject
Project("{2150E333-8FDC-42A3-9474-1A3956D46DE8}") = "ThirdParty", "ThirdParty", "{58AEBDD4-4359-42C2-8287-DBA1A6A744E1}"
EndProject
Project("{2150E333-8FDC-42A3-9474-1A3956D46DE8}") = "Engine", "Engine", "{F58A74A6-404A-470A-908E-03868431EFFF}"
EndProject
Project("{2150E333-8FDC-42A3-9474-1A3956D46DE8}") = "Resource", "Resource", "{E1015BB7-FE9F-4DA1-A780-CE1ADBB35F39}"
EndProject
Project("{8BC9CEB8-8B4A-11D0-8D11-00A0C91BC942}") = "ImGUI", "..\ThirdParty\ImGUI\ImGUI.vcxproj", "{7CB50118-1851-44E4-88FD-463F94C8A079}"
EndProject
Project("{8BC9CEB8-8B4A-11D0-8D11-00A0C91BC942}") = "Stb", "..\ThirdParty\Stb\Stb.vcxproj", "{B76D522F-3910-4859-811D-AD1C495776F8}"
EndProject
Project("{8BC9CEB8-8B4A-11D0-8D11-00A0C91BC942}") = "Spdlog", "..\ThirdParty\Spdlog\Spdlog\Spdlog.vcxproj", "{AEC70E0D-EA49-4F76-9874-B7BE418577F3}"
EndProject
Project("{8BC9CEB8-8B4A-11D0-8D11-00A0C91BC942}") = "TinyObjLoader", "..\ThirdParty\Tinyobjloader\TinyObjLoader.vcxproj", "{413754DF-BEBD-417C-AD1A-6A2BDCD4ACC2}"
EndProject
Project("{8BC9CEB8-8B4A-11D0-8D11-00A0C91BC942}") = "Core", "..\Core\Core.vcxproj", "{5494DF09-5379-4185-99F0-E0B9786FC95F}"
	ProjectSection(ProjectDependencies) = postProject
		{AEC70E0D-EA49-4F76-9874-B7BE418577F3} = {AEC70E0D-EA49-4F76-9874-B7BE418577F3}
		{7CB50118-1851-44E4-88FD-463F94C8A079} = {7CB50118-1851-44E4-88FD-463F94C8A079}
		{B76D522F-3910-4859-811D-AD1C495776F8} = {B76D522F-3910-4859-811D-AD1C495776F8}
		{79FBC98E-BE8B-4ACE-90E3-93CA6EF16EB0} = {79FBC98E-BE8B-4ACE-90E3-93CA6EF16EB0}
		{413754DF-BEBD-417C-AD1A-6A2BDCD4ACC2} = {413754DF-BEBD-417C-AD1A-6A2BDCD4ACC2}
	EndProjectSection
EndProject
Project("{8BC9CEB8-8B4A-11D0-8D11-00A0C91BC942}") = "Component", "..\Component\Component.vcxproj", "{D1478862-41B0-4A83-A760-77B1EF4A3AB2}"
	ProjectSection(ProjectDependencies) = postProject
		{5494DF09-5379-4185-99F0-E0B9786FC95F} = {5494DF09-5379-4185-99F0-E0B9786FC95F}
		{AEC70E0D-EA49-4F76-9874-B7BE418577F3} = {AEC70E0D-EA49-4F76-9874-B7BE418577F3}
		{7CB50118-1851-44E4-88FD-463F94C8A079} = {7CB50118-1851-44E4-88FD-463F94C8A079}
		{B76D522F-3910-4859-811D-AD1C495776F8} = {B76D522F-3910-4859-811D-AD1C495776F8}
		{79FBC98E-BE8B-4ACE-90E3-93CA6EF16EB0} = {79FBC98E-BE8B-4ACE-90E3-93CA6EF16EB0}
		{B63E3DAE-BBD6-4F1D-B527-AB685AEB152E} = {B63E3DAE-BBD6-4F1D-B527-AB685AEB152E}
		{413754DF-BEBD-417C-AD1A-6A2BDCD4ACC2} = {413754DF-BEBD-417C-AD1A-6A2BDCD4ACC2}
	EndProjectSection
EndProject
Project("{2150E333-8FDC-42A3-9474-1A3956D46DE8}") = "Editor", "Editor", "{8B37F7F0-C0CC-499D-A233-8ED2152681DE}"
EndProject
Project("{8BC9CEB8-8B4A-11D0-8D11-00A0C91BC942}") = "Resources", "..\Resources\Resources.vcxproj", "{B63E3DAE-BBD6-4F1D-B527-AB685AEB152E}"
	ProjectSection(ProjectDependencies) = postProject
		{5494DF09-5379-4185-99F0-E0B9786FC95F} = {5494DF09-5379-4185-99F0-E0B9786FC95F}
		{AEC70E0D-EA49-4F76-9874-B7BE418577F3} = {AEC70E0D-EA49-4F76-9874-B7BE418577F3}
		{7CB50118-1851-44E4-88FD-463F94C8A079} = {7CB50118-1851-44E4-88FD-463F94C8A079}
		{B76D522F-3910-4859-811D-AD1C495776F8} = {B76D522F-3910-4859-811D-AD1C495776F8}
		{79FBC98E-BE8B-4ACE-90E3-93CA6EF16EB0} = {79FBC98E-BE8B-4ACE-90E3-93CA6EF16EB0}
		{413754DF-BEBD-417C-AD1A-6A2BDCD4ACC2} = {413754DF-BEBD-417C-AD1A-6A2BDCD4ACC2}
	EndProjectSection
EndProject
Project("{8BC9CEB8-8B4A-11D0-8D11-00A0C91BC942}") = "Json11", "..\ThirdParty\Json11\Json11.vcxproj", "{79FBC98E-BE8B-4ACE-90E3-93CA6EF16EB0}"
EndProject
Project("{8BC9CEB8-8B4A-11D0-8D11-00A0C91BC942}") = "Render", "..\Render\Render.vcxproj", "{F91BFBF4-173E-43D6-B617-1052E8514B26}"
	ProjectSection(ProjectDependencies) = postProject
		{5494DF09-5379-4185-99F0-E0B9786FC95F} = {5494DF09-5379-4185-99F0-E0B9786FC95F}
		{AEC70E0D-EA49-4F76-9874-B7BE418577F3} = {AEC70E0D-EA49-4F76-9874-B7BE418577F3}
		{7CB50118-1851-44E4-88FD-463F94C8A079} = {7CB50118-1851-44E4-88FD-463F94C8A079}
		{4D07451F-2117-4F97-BD57-F79B4ED23BE6} = {4D07451F-2117-4F97-BD57-F79B4ED23BE6}
		{B76D522F-3910-4859-811D-AD1C495776F8} = {B76D522F-3910-4859-811D-AD1C495776F8}
		{D1478862-41B0-4A83-A760-77B1EF4A3AB2} = {D1478862-41B0-4A83-A760-77B1EF4A3AB2}
		{79FBC98E-BE8B-4ACE-90E3-93CA6EF16EB0} = {79FBC98E-BE8B-4ACE-90E3-93CA6EF16EB0}
		{B63E3DAE-BBD6-4F1D-B527-AB685AEB152E} = {B63E3DAE-BBD6-4F1D-B527-AB685AEB152E}
		{413754DF-BEBD-417C-AD1A-6A2BDCD4ACC2} = {413754DF-BEBD-417C-AD1A-6A2BDCD4ACC2}
	EndProjectSection
EndProject
Project("{8BC9CEB8-8B4A-11D0-8D11-00A0C91BC942}") = "System", "..\System\System.vcxproj", "{4D07451F-2117-4F97-BD57-F79B4ED23BE6}"
	ProjectSection(ProjectDependencies) = postProject
		{5494DF09-5379-4185-99F0-E0B9786FC95F} = {5494DF09-5379-4185-99F0-E0B9786FC95F}
		{AEC70E0D-EA49-4F76-9874-B7BE418577F3} = {AEC70E0D-EA49-4F76-9874-B7BE418577F3}
		{7CB50118-1851-44E4-88FD-463F94C8A079} = {7CB50118-1851-44E4-88FD-463F94C8A079}
		{B76D522F-3910-4859-811D-AD1C495776F8} = {B76D522F-3910-4859-811D-AD1C495776F8}
		{D1478862-41B0-4A83-A760-77B1EF4A3AB2} = {D1478862-41B0-4A83-A760-77B1EF4A3AB2}
		{79FBC98E-BE8B-4ACE-90E3-93CA6EF16EB0} = {79FBC98E-BE8B-4ACE-90E3-93CA6EF16EB0}
		{B63E3DAE-BBD6-4F1D-B527-AB685AEB152E} = {B63E3DAE-BBD6-4F1D-B527-AB685AEB152E}
		{413754DF-BEBD-417C-AD1A-6A2BDCD4ACC2} = {413754DF-BEBD-417C-AD1A-6A2BDCD4ACC2}
	EndProjectSection
EndProject
Project("{8BC9CEB8-8B4A-11D0-8D11-00A0C91BC942}") = "DistEditor", "..\DistEditor\DistEditor.vcxproj", "{41FA8AE9-E8CD-4FC1-A699-960594FBF130}"
	ProjectSection(ProjectDependencies) = postProject
		{5494DF09-5379-4185-99F0-E0B9786FC95F} = {5494DF09-5379-4185-99F0-E0B9786FC95F}
		{AEC70E0D-EA49-4F76-9874-B7BE418577F3} = {AEC70E0D-EA49-4F76-9874-B7BE418577F3}
		{7CB50118-1851-44E4-88FD-463F94C8A079} = {7CB50118-1851-44E4-88FD-463F94C8A079}
		{4D07451F-2117-4F97-BD57-F79B4ED23BE6} = {4D07451F-2117-4F97-BD57-F79B4ED23BE6}
		{B76D522F-3910-4859-811D-AD1C495776F8} = {B76D522F-3910-4859-811D-AD1C495776F8}
		{D1478862-41B0-4A83-A760-77B1EF4A3AB2} = {D1478862-41B0-4A83-A760-77B1EF4A3AB2}
		{79FBC98E-BE8B-4ACE-90E3-93CA6EF16EB0} = {79FBC98E-BE8B-4ACE-90E3-93CA6EF16EB0}
		{B63E3DAE-BBD6-4F1D-B527-AB685AEB152E} = {B63E3DAE-BBD6-4F1D-B527-AB685AEB152E}
		{413754DF-BEBD-417C-AD1A-6A2BDCD4ACC2} = {413754DF-BEBD-417C-AD1A-6A2BDCD4ACC2}
		{F91BFBF4-173E-43D6-B617-1052E8514B26} = {F91BFBF4-173E-43D6-B617-1052E8514B26}
	EndProjectSection
EndProject
Global
	GlobalSection(SolutionConfigurationPlatforms) = preSolution
		Debug|x64 = Debug|x64
		Debug|x86 = Debug|x86
		Release|x64 = Release|x64
		Release|x86 = Release|x86
	EndGlobalSection
	GlobalSection(ProjectConfigurationPlatforms) = postSolution
		{93592C4B-0356-4937-B207-4300AAB19D08}.Debug|x64.ActiveCfg = Debug|x64
		{93592C4B-0356-4937-B207-4300AAB19D08}.Debug|x64.Build.0 = Debug|x64
		{93592C4B-0356-4937-B207-4300AAB19D08}.Debug|x86.ActiveCfg = Debug|Win32
		{93592C4B-0356-4937-B207-4300AAB19D08}.Debug|x86.Build.0 = Debug|Win32
		{93592C4B-0356-4937-B207-4300AAB19D08}.Release|x64.ActiveCfg = Release|x64
		{93592C4B-0356-4937-B207-4300AAB19D08}.Release|x64.Build.0 = Release|x64
		{93592C4B-0356-4937-B207-4300AAB19D08}.Release|x86.ActiveCfg = Release|Win32
		{93592C4B-0356-4937-B207-4300AAB19D08}.Release|x86.Build.0 = Release|Win32
		{7CB50118-1851-44E4-88FD-463F94C8A079}.Debug|x64.ActiveCfg = Debug|x64
		{7CB50118-1851-44E4-88FD-463F94C8A079}.Debug|x64.Build.0 = Debug|x64
		{7CB50118-1851-44E4-88FD-463F94C8A079}.Debug|x86.ActiveCfg = Debug|Win32
		{7CB50118-1851-44E4-88FD-463F94C8A079}.Debug|x86.Build.0 = Debug|Win32
		{7CB50118-1851-44E4-88FD-463F94C8A079}.Release|x64.ActiveCfg = Release|x64
		{7CB50118-1851-44E4-88FD-463F94C8A079}.Release|x64.Build.0 = Release|x64
		{7CB50118-1851-44E4-88FD-463F94C8A079}.Release|x86.ActiveCfg = Release|Win32
		{7CB50118-1851-44E4-88FD-463F94C8A079}.Release|x86.Build.0 = Release|Win32
		{B76D522F-3910-4859-811D-AD1C495776F8}.Debug|x64.ActiveCfg = Debug|x64
		{B76D522F-3910-4859-811D-AD1C495776F8}.Debug|x64.Build.0 = Debug|x64
		{B76D522F-3910-4859-811D-AD1C495776F8}.Debug|x86.ActiveCfg = Debug|Win32
		{B76D522F-3910-4859-811D-AD1C495776F8}.Debug|x86.Build.0 = Debug|Win32
		{B76D522F-3910-4859-811D-AD1C495776F8}.Release|x64.ActiveCfg = Release|x64
		{B76D522F-3910-4859-811D-AD1C495776F8}.Release|x64.Build.0 = Release|x64
		{B76D522F-3910-4859-811D-AD1C495776F8}.Release|x86.ActiveCfg = Release|Win32
		{B76D522F-3910-4859-811D-AD1C495776F8}.Release|x86.Build.0 = Release|Win32
		{AEC70E0D-EA49-4F76-9874-B7BE418577F3}.Debug|x64.ActiveCfg = Debug|x64
		{AEC70E0D-EA49-4F76-9874-B7BE418577F3}.Debug|x64.Build.0 = Debug|x64
		{AEC70E0D-EA49-4F76-9874-B7BE418577F3}.Debug|x86.ActiveCfg = Debug|Win32
		{AEC70E0D-EA49-4F76-9874-B7BE418577F3}.Debug|x86.Build.0 = Debug|Win32
		{AEC70E0D-EA49-4F76-9874-B7BE418577F3}.Release|x64.ActiveCfg = Release|x64
		{AEC70E0D-EA49-4F76-9874-B7BE418577F3}.Release|x64.Build.0 = Release|x64
		{AEC70E0D-EA49-4F76-9874-B7BE418577F3}.Release|x86.ActiveCfg = Release|Win32
		{AEC70E0D-EA49-4F76-9874-B7BE418577F3}.Release|x86.Build.0 = Release|Win32
		{413754DF-BEBD-417C-AD1A-6A2BDCD4ACC2}.Debug|x64.ActiveCfg = Debug|x64
		{413754DF-BEBD-417C-AD1A-6A2BDCD4ACC2}.Debug|x64.Build.0 = Debug|x64
		{413754DF-BEBD-417C-AD1A-6A2BDCD4ACC2}.Debug|x86.ActiveCfg = Debug|Win32
		{413754DF-BEBD-417C-AD1A-6A2BDCD4ACC2}.Debug|x86.Build.0 = Debug|Win32
		{413754DF-BEBD-417C-AD1A-6A2BDCD4ACC2}.Release|x64.ActiveCfg = Release|x64
		{413754DF-BEBD-417C-AD1A-6A2BDCD4ACC2}.Release|x64.Build.0 = Release|x64
		{413754DF-BEBD-417C-AD1A-6A2BDCD4ACC2}.Release|x86.ActiveCfg = Release|Win32
		{413754DF-BEBD-417C-AD1A-6A2BDCD4ACC2}.Release|x86.Build.0 = Release|Win32
		{5494DF09-5379-4185-99F0-E0B9786FC95F}.Debug|x64.ActiveCfg = Debug|x64
		{5494DF09-5379-4185-99F0-E0B9786FC95F}.Debug|x64.Build.0 = Debug|x64
		{5494DF09-5379-4185-99F0-E0B9786FC95F}.Debug|x86.ActiveCfg = Debug|Win32
		{5494DF09-5379-4185-99F0-E0B9786FC95F}.Debug|x86.Build.0 = Debug|Win32
		{5494DF09-5379-4185-99F0-E0B9786FC95F}.Release|x64.ActiveCfg = Release|x64
		{5494DF09-5379-4185-99F0-E0B9786FC95F}.Release|x64.Build.0 = Release|x64
		{5494DF09-5379-4185-99F0-E0B9786FC95F}.Release|x86.ActiveCfg = Release|Win32
		{5494DF09-5379-4185-99F0-E0B9786FC95F}.Release|x86.Build.0 = Release|Win32
		{D1478862-41B0-4A83-A760-77B1EF4A3AB2}.Debug|x64.ActiveCfg = Debug|x64
		{D1478862-41B0-4A83-A760-77B1EF4A3AB2}.Debug|x64.Build.0 = Debug|x64
		{D1478862-41B0-4A83-A760-77B1EF4A3AB2}.Debug|x86.ActiveCfg = Debug|Win32
		{D1478862-41B0-4A83-A760-77B1EF4A3AB2}.Debug|x86.Build.0 = Debug|Win32
		{D1478862-41B0-4A83-A760-77B1EF4A3AB2}.Release|x64.ActiveCfg = Release|x64
		{D1478862-41B0-4A83-A760-77B1EF4A3AB2}.Release|x64.Build.0 = Release|x64
		{D1478862-41B0-4A83-A760-77B1EF4A3AB2}.Release|x86.ActiveCfg = Release|Win32
		{D1478862-41B0-4A83-A760-77B1EF4A3AB2}.Release|x86.Build.0 = Release|Win32
		{B63E3DAE-BBD6-4F1D-B527-AB685AEB152E}.Debug|x64.ActiveCfg = Debug|x64
		{B63E3DAE-BBD6-4F1D-B527-AB685AEB152E}.Debug|x64.Build.0 = Debug|x64
		{B63E3DAE-BBD6-4F1D-B527-AB685AEB152E}.Debug|x86.ActiveCfg = Debug|Win32
		{B63E3DAE-BBD6-4F1D-B527-AB685AEB152E}.Debug|x86.Build.0 = Debug|Win32
		{B63E3DAE-BBD6-4F1D-B527-AB685AEB152E}.Release|x64.ActiveCfg = Release|x64
		{B63E3DAE-BBD6-4F1D-B527-AB685AEB152E}.Release|x64.Build.0 = Release|x64
		{B63E3DAE-BBD6-4F1D-B527-AB685AEB152E}.Release|x86.ActiveCfg = Release|Win32
		{B63E3DAE-BBD6-4F1D-B527-AB685AEB152E}.Release|x86.Build.0 = Release|Win32
		{79FBC98E-BE8B-4ACE-90E3-93CA6EF16EB0}.Debug|x64.ActiveCfg = Debug|x64
		{79FBC98E-BE8B-4ACE-90E3-93CA6EF16EB0}.Debug|x64.Build.0 = Debug|x64
		{79FBC98E-BE8B-4ACE-90E3-93CA6EF16EB0}.Debug|x86.ActiveCfg = Debug|Win32
		{79FBC98E-BE8B-4ACE-90E3-93CA6EF16EB0}.Debug|x86.Build.0 = Debug|Win32
		{79FBC98E-BE8B-4ACE-90E3-93CA6EF16EB0}.Release|x64.ActiveCfg = Release|x64
		{79FBC98E-BE8B-4ACE-90E3-93CA6EF16EB0}.Release|x64.Build.0 = Release|x64
		{79FBC98E-BE8B-4ACE-90E3-93CA6EF16EB0}.Release|x86.ActiveCfg = Release|Win32
		{79FBC98E-BE8B-4ACE-90E3-93CA6EF16EB0}.Release|x86.Build.0 = Release|Win32
		{F91BFBF4-173E-43D6-B617-1052E8514B26}.Debug|x64.ActiveCfg = Debug|x64
		{F91BFBF4-173E-43D6-B617-1052E8514B26}.Debug|x64.Build.0 = Debug|x64
		{F91BFBF4-173E-43D6-B617-1052E8514B26}.Debug|x86.ActiveCfg = Debug|Win32
		{F91BFBF4-173E-43D6-B617-1052E8514B26}.Debug|x86.Build.0 = Debug|Win32
		{F91BFBF4-173E-43D6-B617-1052E8514B26}.Release|x64.ActiveCfg = Release|x64
		{F91BFBF4-173E-43D6-B617-1052E8514B26}.Release|x64.Build.0 = Release|x64
		{F91BFBF4-173E-43D6-B617-1052E8514B26}.Release|x86.ActiveCfg = Release|Win32
		{F91BFBF4-173E-43D6-B617-1052E8514B26}.Release|x86.Build.0 = Release|Win32
		{4D07451F-2117-4F97-BD57-F79B4ED23BE6}.Debug|x64.ActiveCfg = Debug|x64
		{4D07451F-2117-4F97-BD57-F79B4ED23BE6}.Debug|x64.Build.0 = Debug|x64
		{4D07451F-2117-4F97-BD57-F79B4ED23BE6}.Debug|x86.ActiveCfg = Debug|Win32
		{4D07451F-2117-4F97-BD57-F79B4ED23BE6}.Debug|x86.Build.0 = Debug|Win32
		{4D07451F-2117-4F97-BD57-F79B4ED23BE6}.Release|x64.ActiveCfg = Release|x64
		{4D07451F-2117-4F97-BD57-F79B4ED23BE6}.Release|x64.Build.0 = Release|x64
		{4D07451F-2117-4F97-BD57-F79B4ED23BE6}.Release|x86.ActiveCfg = Release|Win32
		{4D07451F-2117-4F97-BD57-F79B4ED23BE6}.Release|x86.Build.0 = Release|Win32
		{41FA8AE9-E8CD-4FC1-A699-960594FBF130}.Debug|x64.ActiveCfg = Debug|x64
		{41FA8AE9-E8CD-4FC1-A699-960594FBF130}.Debug|x64.Build.0 = Debug|x64
		{41FA8AE9-E8CD-4FC1-A699-960594FBF130}.Debug|x86.ActiveCfg = Debug|Win32
		{41FA8AE9-E8CD-4FC1-A699-960594FBF130}.Debug|x86.Build.0 = Debug|Win32
		{41FA8AE9-E8CD-4FC1-A699-960594FBF130}.Release|x64.ActiveCfg = Release|x64
		{41FA8AE9-E8CD-4FC1-A699-960594FBF130}.Release|x64.Build.0 = Release|x64
		{41FA8AE9-E8CD-4FC1-A699-960594FBF130}.Release|x86.ActiveCfg = Release|Win32
		{41FA8AE9-E8CD-4FC1-A699-960594FBF130}.Release|x86.Build.0 = Release|Win32
	EndGlobalSection
	GlobalSection(SolutionProperties) = preSolution
		HideSolutionNode = FALSE
	EndGlobalSection
	GlobalSection(NestedProjects) = preSolution
		{93592C4B-0356-4937-B207-4300AAB19D08} = {F58A74A6-404A-470A-908E-03868431EFFF}
		{7CB50118-1851-44E4-88FD-463F94C8A079} = {58AEBDD4-4359-42C2-8287-DBA1A6A744E1}
		{B76D522F-3910-4859-811D-AD1C495776F8} = {58AEBDD4-4359-42C2-8287-DBA1A6A744E1}
		{AEC70E0D-EA49-4F76-9874-B7BE418577F3} = {58AEBDD4-4359-42C2-8287-DBA1A6A744E1}
		{413754DF-BEBD-417C-AD1A-6A2BDCD4ACC2} = {58AEBDD4-4359-42C2-8287-DBA1A6A744E1}
		{5494DF09-5379-4185-99F0-E0B9786FC95F} = {44E5CFAE-DBF5-4D45-BEA2-8B8D643F7AC8}
		{D1478862-41B0-4A83-A760-77B1EF4A3AB2} = {44E5CFAE-DBF5-4D45-BEA2-8B8D643F7AC8}
		{B63E3DAE-BBD6-4F1D-B527-AB685AEB152E} = {E1015BB7-FE9F-4DA1-A780-CE1ADBB35F39}
		{79FBC98E-BE8B-4ACE-90E3-93CA6EF16EB0} = {58AEBDD4-4359-42C2-8287-DBA1A6A744E1}
		{F91BFBF4-173E-43D6-B617-1052E8514B26} = {44E5CFAE-DBF5-4D45-BEA2-8B8D643F7AC8}
		{4D07451F-2117-4F97-BD57-F79B4ED23BE6} = {44E5CFAE-DBF5-4D45-BEA2-8B8D643F7AC8}
		{41FA8AE9-E8CD-4FC1-A699-960594FBF130} = {8B37F7F0-C0CC-499D-A233-8ED2152681DE}
	EndGlobalSection
	GlobalSection(ExtensibilityGlobals) = postSolution
		SolutionGuid = {AAE3729C-DDA9-46CA-9941-224892D707BF}
	EndGlobalSection
EndGlobal
