<?xml version="1.0" encoding="utf-8"?>
<Project ToolsVersion="4.0" xmlns="http://schemas.microsoft.com/developer/msbuild/2003">
  <ItemGroup>
    <Filter Include="ModelImport">
      <UniqueIdentifier>{4FC737F1-C7A5-4376-A066-2A32D752A2FF}</UniqueIdentifier>
      <Extensions>cpp;c;cc;cxx;c++;cppm;ixx;def;odl;idl;hpj;bat;asm;asmx</Extensions>
    </Filter>
  </ItemGroup>
  <ItemGroup>
    <ClCompile Include="LoadM3d.cpp">
      <Filter>ModelImport</Filter>
    </ClCompile>
    <ClCompile Include="SkinnedData.cpp">
      <Filter>ModelImport</Filter>
    </ClCompile>
    <ClCompile Include="FbxLoader.cpp">
      <Filter>ModelImport</Filter>
    </ClCompile>
    <ClCompile Include="glTF.cpp">
      <Filter>ModelImport</Filter>
    </ClCompile>
    <ClCompile Include="glTFLoader.cpp">
      <Filter>ModelImport</Filter>
    </ClCompile>
  </ItemGroup>
  <ItemGroup>
    <ClInclude Include="LoadM3d.h">
      <Filter>ModelImport</Filter>
    </ClInclude>
    <ClInclude Include="SkinnedData.h">
      <Filter>ModelImport</Filter>
    </ClInclude>
    <ClInclude Include="FbxLoader.h">
      <Filter>ModelImport</Filter>
    </ClInclude>
    <ClInclude Include="glTF.h">
      <Filter>ModelImport</Filter>
    </ClInclude>
    <ClInclude Include="json.hpp">
      <Filter>ModelImport</Filter>
    </ClInclude>
    <ClInclude Include="glTFLoader.h" />
  </ItemGroup>
</Project>