<?xml version="1.0" encoding="utf-8"?>
<Project ToolsVersion="4.0" xmlns="http://schemas.microsoft.com/developer/msbuild/2003">
  <ItemGroup>
    <Filter Include="Model">
      <UniqueIdentifier>{4FC737F1-C7A5-4376-A066-2A32D752A2FF}</UniqueIdentifier>
      <Extensions>cpp;c;cc;cxx;c++;cppm;ixx;def;odl;idl;hpj;bat;asm;asmx</Extensions>
    </Filter>
    <Filter Include="Physics">
      <UniqueIdentifier>{1f057e4a-1b10-4586-83f5-723751414974}</UniqueIdentifier>
    </Filter>
  </ItemGroup>
  <ItemGroup>
    <ClCompile Include="LoadM3d.cpp">
      <Filter>Model</Filter>
    </ClCompile>
    <ClCompile Include="SkinnedData.cpp">
      <Filter>Model</Filter>
    </ClCompile>
    <ClCompile Include="FbxLoader.cpp">
      <Filter>Model</Filter>
    </ClCompile>
    <ClCompile Include="glTF.cpp">
      <Filter>Model</Filter>
    </ClCompile>
    <ClCompile Include="glTFLoader.cpp">
      <Filter>Model</Filter>
    </ClCompile>
    <ClCompile Include="PhysicsCore.cpp">
      <Filter>Physics</Filter>
    </ClCompile>
  </ItemGroup>
  <ItemGroup>
    <ClInclude Include="LoadM3d.h">
      <Filter>Model</Filter>
    </ClInclude>
    <ClInclude Include="SkinnedData.h">
      <Filter>Model</Filter>
    </ClInclude>
    <ClInclude Include="FbxLoader.h">
      <Filter>Model</Filter>
    </ClInclude>
    <ClInclude Include="glTF.h">
      <Filter>Model</Filter>
    </ClInclude>
    <ClInclude Include="json.hpp">
      <Filter>Model</Filter>
    </ClInclude>
    <ClInclude Include="glTFLoader.h">
      <Filter>Model</Filter>
    </ClInclude>
    <ClInclude Include="PhysicsCore.h">
      <Filter>Physics</Filter>
    </ClInclude>
  </ItemGroup>
</Project>