<?xml version="1.0" encoding="utf-8"?>
<Project ToolsVersion="4.0" xmlns="http://schemas.microsoft.com/developer/msbuild/2003">
  <ItemGroup>
    <ClCompile Include="BoundingAABB.cpp" />
    <ClCompile Include="BoundingBox.cpp" />
    <ClCompile Include="BoundingOBB.cpp" />
    <ClCompile Include="BoundingSphere.cpp" />
    <ClCompile Include="Camera.cpp" />
    <ClCompile Include="DirectionLight.cpp" />
    <ClCompile Include="GameObject.cpp" />
    <ClCompile Include="Material.cpp" />
    <ClCompile Include="MeshFliter.cpp" />
    <ClCompile Include="MeshRender.cpp" />
    <ClCompile Include="PointLight.cpp" />
    <ClCompile Include="SpotLight.cpp" />
    <ClCompile Include="Transform.cpp" />
  </ItemGroup>
  <ItemGroup>
    <ClInclude Include="BoundingAABB.h" />
    <ClInclude Include="BoundingBox.h" />
    <ClInclude Include="BoundingOBB.h" />
    <ClInclude Include="BoundingSphere.h" />
    <ClInclude Include="Camera.h" />
    <ClInclude Include="DirectionLight.h" />
    <ClInclude Include="GameObject.h" />
    <ClInclude Include="Material.h" />
    <ClInclude Include="MeshFliter.h" />
    <ClInclude Include="MeshRender.h" />
    <ClInclude Include="PointLight.h" />
    <ClInclude Include="SpotLight.h" />
    <ClInclude Include="Transform.h" />
  </ItemGroup>
</Project>